Microsoft Visual Studio Solution File, Format Version 12.00
# Visual Studio 2012
Project("{FAE04EC0-301F-11D3-BF4B-00C04F79EFBC}") = "Mars Mission", "Mars Mission.csproj", "{093010F1-C6C8-49BB-93E7-4F3B2FC9A99D}"
EndProject
Global
	GlobalSection(SolutionConfigurationPlatforms) = preSolution
	Debug|Any CPU = Debug|Any CPU
	Release|Any CPU = Release|Any CPU
	Tools|Any CPU = Tools|Any CPU
	EndGlobalSection
	GlobalSection(ProjectConfigurationPlatforms) = postSolution
		{093010F1-C6C8-49BB-93E7-4F3B2FC9A99D}.Debug|Any CPU.ActiveCfg = Debug|Any CPU
		{093010F1-C6C8-49BB-93E7-4F3B2FC9A99D}.Debug|Any CPU.Build.0 = Debug|Any CPU
		{093010F1-C6C8-49BB-93E7-4F3B2FC9A99D}.Release|Any CPU.ActiveCfg = Release|Any CPU
		{093010F1-C6C8-49BB-93E7-4F3B2FC9A99D}.Release|Any CPU.Build.0 = Release|Any CPU
		{093010F1-C6C8-49BB-93E7-4F3B2FC9A99D}.Tools|Any CPU.ActiveCfg = Tools|Any CPU
		{093010F1-C6C8-49BB-93E7-4F3B2FC9A99D}.Tools|Any CPU.Build.0 = Tools|Any CPU
	EndGlobalSection
EndGlobal
